// !$*UTF8*$!
{
	archiveVersion = 1;
	classes = {
	};
	objectVersion = 46;
	objects = {

/* Begin PBXBuildFile section */
		424BE5271EA949CC0037F319 /* Card.swift in Sources */ = {isa = PBXBuildFile; fileRef = 424BE5261EA949CC0037F319 /* Card.swift */; };
		429851D41E254144006B5EFF /* AppDelegate.swift in Sources */ = {isa = PBXBuildFile; fileRef = 429851D31E254144006B5EFF /* AppDelegate.swift */; };
		429851D61E254144006B5EFF /* ViewController.swift in Sources */ = {isa = PBXBuildFile; fileRef = 429851D51E254144006B5EFF /* ViewController.swift */; };
		429851D91E254144006B5EFF /* Main.storyboard in Resources */ = {isa = PBXBuildFile; fileRef = 429851D71E254144006B5EFF /* Main.storyboard */; };
		429851DB1E254144006B5EFF /* Assets.xcassets in Resources */ = {isa = PBXBuildFile; fileRef = 429851DA1E254144006B5EFF /* Assets.xcassets */; };
		429851DE1E254144006B5EFF /* LaunchScreen.storyboard in Resources */ = {isa = PBXBuildFile; fileRef = 429851DC1E254144006B5EFF /* LaunchScreen.storyboard */; };
/* End PBXBuildFile section */

/* Begin PBXFileReference section */
		424BE5261EA949CC0037F319 /* Card.swift */ = {isa = PBXFileReference; fileEncoding = 4; lastKnownFileType = sourcecode.swift; path = Card.swift; sourceTree = "<group>"; };
		429851D01E254144006B5EFF /* CardBattle.app */ = {isa = PBXFileReference; explicitFileType = wrapper.application; includeInIndex = 0; path = CardBattle.app; sourceTree = BUILT_PRODUCTS_DIR; };
		429851D31E254144006B5EFF /* AppDelegate.swift */ = {isa = PBXFileReference; lastKnownFileType = sourcecode.swift; path = AppDelegate.swift; sourceTree = "<group>"; };
		429851D51E254144006B5EFF /* ViewController.swift */ = {isa = PBXFileReference; lastKnownFileType = sourcecode.swift; path = ViewController.swift; sourceTree = "<group>"; };
		429851D81E254144006B5EFF /* Base */ = {isa = PBXFileReference; lastKnownFileType = file.storyboard; name = Base; path = Base.lproj/Main.storyboard; sourceTree = "<group>"; };
		429851DA1E254144006B5EFF /* Assets.xcassets */ = {isa = PBXFileReference; lastKnownFileType = folder.assetcatalog; path = Assets.xcassets; sourceTree = "<group>"; };
		429851DD1E254144006B5EFF /* Base */ = {isa = PBXFileReference; lastKnownFileType = file.storyboard; name = Base; path = Base.lproj/LaunchScreen.storyboard; sourceTree = "<group>"; };
		429851DF1E254144006B5EFF /* Info.plist */ = {isa = PBXFileReference; lastKnownFileType = text.plist.xml; path = Info.plist; sourceTree = "<group>"; };
/* End PBXFileReference section */

/* Begin PBXFrameworksBuildPhase section */
		429851CD1E254144006B5EFF /* Frameworks */ = {
			isa = PBXFrameworksBuildPhase;
			buildActionMask = 2147483647;
			files = (
			);
			runOnlyForDeploymentPostprocessing = 0;
		};
/* End PBXFrameworksBuildPhase section */

/* Begin PBXGroup section */
		424BE5251EA9499D0037F319 /* Model */ = {
			isa = PBXGroup;
			children = (
				424BE5261EA949CC0037F319 /* Card.swift */,
			);
			name = Model;
			sourceTree = "<group>";
		};
		429851C71E254144006B5EFF = {
			isa = PBXGroup;
			children = (
				429851D21E254144006B5EFF /* CardBattle */,
				429851D11E254144006B5EFF /* Products */,
			);
			sourceTree = "<group>";
		};
		429851D11E254144006B5EFF /* Products */ = {
			isa = PBXGroup;
			children = (
				429851D01E254144006B5EFF /* CardBattle.app */,
			);
			name = Products;
			sourceTree = "<group>";
		};
		429851D21E254144006B5EFF /* CardBattle */ = {
			isa = PBXGroup;
			children = (
				424BE5251EA9499D0037F319 /* Model */,
				429851D31E254144006B5EFF /* AppDelegate.swift */,
				429851D51E254144006B5EFF /* ViewController.swift */,
				429851D71E254144006B5EFF /* Main.storyboard */,
				429851DA1E254144006B5EFF /* Assets.xcassets */,
				429851DC1E254144006B5EFF /* LaunchScreen.storyboard */,
				429851DF1E254144006B5EFF /* Info.plist */,
			);
			path = CardBattle;
			sourceTree = "<group>";
		};
/* End PBXGroup section */

/* Begin PBXNativeTarget section */
		429851CF1E254144006B5EFF /* CardBattle */ = {
			isa = PBXNativeTarget;
			buildConfigurationList = 429851E21E254144006B5EFF /* Build configuration list for PBXNativeTarget "CardBattle" */;
			buildPhases = (
				429851CC1E254144006B5EFF /* Sources */,
				429851CD1E254144006B5EFF /* Frameworks */,
				429851CE1E254144006B5EFF /* Resources */,
			);
			buildRules = (
			);
			dependencies = (
			);
			name = CardBattle;
			productName = CardBattle;
			productReference = 429851D01E254144006B5EFF /* CardBattle.app */;
			productType = "com.apple.product-type.application";
		};
/* End PBXNativeTarget section */

/* Begin PBXProject section */
		429851C81E254144006B5EFF /* Project object */ = {
			isa = PBXProject;
			attributes = {
				LastSwiftUpdateCheck = 0820;
				LastUpgradeCheck = 0820;
				ORGANIZATIONNAME = "Igor Zhukov";
				TargetAttributes = {
					429851CF1E254144006B5EFF = {
						CreatedOnToolsVersion = 8.2.1;
						ProvisioningStyle = Automatic;
					};
				};
			};
			buildConfigurationList = 429851CB1E254144006B5EFF /* Build configuration list for PBXProject "CardBattle" */;
			compatibilityVersion = "Xcode 3.2";
			developmentRegion = English;
			hasScannedForEncodings = 0;
			knownRegions = (
				en,
				Base,
			);
			mainGroup = 429851C71E254144006B5EFF;
			productRefGroup = 429851D11E254144006B5EFF /* Products */;
			projectDirPath = "";
			projectRoot = "";
			targets = (
				429851CF1E254144006B5EFF /* CardBattle */,
			);
		};
/* End PBXProject section */

/* Begin PBXResourcesBuildPhase section */
		429851CE1E254144006B5EFF /* Resources */ = {
			isa = PBXResourcesBuildPhase;
			buildActionMask = 2147483647;
			files = (
				429851DE1E254144006B5EFF /* LaunchScreen.storyboard in Resources */,
				429851DB1E254144006B5EFF /* Assets.xcassets in Resources */,
				429851D91E254144006B5EFF /* Main.storyboard in Resources */,
			);
			runOnlyForDeploymentPostprocessing = 0;
		};
/* End PBXResourcesBuildPhase section */

/* Begin PBXSourcesBuildPhase section */
		429851CC1E254144006B5EFF /* Sources */ = {
			isa = PBXSourcesBuildPhase;
			buildActionMask = 2147483647;
			files = (
				429851D61E254144006B5EFF /* ViewController.swift in Sources */,
				424BE5271EA949CC0037F319 /* Card.swift in Sources */,
				429851D41E254144006B5EFF /* AppDelegate.swift in Sources */,
			);
			runOnlyForDeploymentPostprocessing = 0;
		};
/* End PBXSourcesBuildPhase section */

/* Begin PBXVariantGroup section */
		429851D71E254144006B5EFF /* Main.storyboard */ = {
			isa = PBXVariantGroup;
			children = (
				429851D81E254144006B5EFF /* Base */,
			);
			name = Main.storyboard;
			sourceTree = "<group>";
		};
		429851DC1E254144006B5EFF /* LaunchScreen.storyboard */ = {
			isa = PBXVariantGroup;
			children = (
				429851DD1E254144006B5EFF /* Base */,
			);
			name = LaunchScreen.storyboard;
			sourceTree = "<group>";
		};
/* End PBXVariantGroup section */

/* Begin XCBuildConfiguration section */
		429851E01E254144006B5EFF /* Debug */ = {
			isa = XCBuildConfiguration;
			buildSettings = {
				ALWAYS_SEARCH_USER_PATHS = NO;
				CLANG_ANALYZER_NONNULL = YES;
				CLANG_CXX_LANGUAGE_STANDARD = "gnu++0x";
				CLANG_CXX_LIBRARY = "libc++";
				CLANG_ENABLE_MODULES = YES;
				CLANG_ENABLE_OBJC_ARC = YES;
				CLANG_WARN_BOOL_CONVERSION = YES;
				CLANG_WARN_CONSTANT_CONVERSION = YES;
				CLANG_WARN_DIRECT_OBJC_ISA_USAGE = YES_ERROR;
				CLANG_WARN_DOCUMENTATION_COMMENTS = YES;
				CLANG_WARN_EMPTY_BODY = YES;
				CLANG_WARN_ENUM_CONVERSION = YES;
				CLANG_WARN_INFINITE_RECURSION = YES;
				CLANG_WARN_INT_CONVERSION = YES;
				CLANG_WARN_OBJC_ROOT_CLASS = YES_ERROR;
				CLANG_WARN_SUSPICIOUS_MOVE = YES;
				CLANG_WARN_UNREACHABLE_CODE = YES;
				CLANG_WARN__DUPLICATE_METHOD_MATCH = YES;
				"CODE_SIGN_IDENTITY[sdk=iphoneos*]" = "iPhone Developer";
				COPY_PHASE_STRIP = NO;
				DEBUG_INFORMATION_FORMAT = dwarf;
				ENABLE_STRICT_OBJC_MSGSEND = YES;
				ENABLE_TESTABILITY = YES;
				GCC_C_LANGUAGE_STANDARD = gnu99;
				GCC_DYNAMIC_NO_PIC = NO;
				GCC_NO_COMMON_BLOCKS = YES;
				GCC_OPTIMIZATION_LEVEL = 0;
				GCC_PREPROCESSOR_DEFINITIONS = (
					"DEBUG=1",
					"$(inherited)",
				);
				GCC_WARN_64_TO_32_BIT_CONVERSION = YES;
				GCC_WARN_ABOUT_RETURN_TYPE = YES_ERROR;
				GCC_WARN_UNDECLARED_SELECTOR = YES;
				GCC_WARN_UNINITIALIZED_AUTOS = YES_AGGRESSIVE;
				GCC_WARN_UNUSED_FUNCTION = YES;
				GCC_WARN_UNUSED_VARIABLE = YES;
				IPHONEOS_DEPLOYMENT_TARGET = 10.2;
				MTL_ENABLE_DEBUG_INFO = YES;
				ONLY_ACTIVE_ARCH = YES;
				SDKROOT = iphoneos;
				SWIFT_ACTIVE_COMPILATION_CONDITIONS = DEBUG;
				SWIFT_OPTIMIZATION_LEVEL = "-Onone";
			};
			name = Debug;
		};
		429851E11E254144006B5EFF /* Release */ = {
			isa = XCBuildConfiguration;
			buildSettings = {
				ALWAYS_SEARCH_USER_PATHS = NO;
				CLANG_ANALYZER_NONNULL = YES;
				CLANG_CXX_LANGUAGE_STANDARD = "gnu++0x";
				CLANG_CXX_LIBRARY = "libc++";
				CLANG_ENABLE_MODULES = YES;
				CLANG_ENABLE_OBJC_ARC = YES;
				CLANG_WARN_BOOL_CONVERSION = YES;
				CLANG_WARN_CONSTANT_CONVERSION = YES;
				CLANG_WARN_DIRECT_OBJC_ISA_USAGE = YES_ERROR;
				CLANG_WARN_DOCUMENTATION_COMMENTS = YES;
				CLANG_WARN_EMPTY_BODY = YES;
				CLANG_WARN_ENUM_CONVERSION = YES;
				CLANG_WARN_INFINITE_RECURSION = YES;
				CLANG_WARN_INT_CONVERSION = YES;
				CLANG_WARN_OBJC_ROOT_CLASS = YES_ERROR;
				CLANG_WARN_SUSPICIOUS_MOVE = YES;
				CLANG_WARN_UNREACHABLE_CODE = YES;
				CLANG_WARN__DUPLICATE_METHOD_MATCH = YES;
				"CODE_SIGN_IDENTITY[sdk=iphoneos*]" = "iPhone Developer";
				COPY_PHASE_STRIP = NO;
				DEBUG_INFORMATION_FORMAT = "dwarf-with-dsym";
				ENABLE_NS_ASSERTIONS = NO;
				ENABLE_STRICT_OBJC_MSGSEND = YES;
				GCC_C_LANGUAGE_STANDARD = gnu99;
				GCC_NO_COMMON_BLOCKS = YES;
				GCC_WARN_64_TO_32_BIT_CONVERSION = YES;
				GCC_WARN_ABOUT_RETURN_TYPE = YES_ERROR;
				GCC_WARN_UNDECLARED_SELECTOR = YES;
				GCC_WARN_UNINITIALIZED_AUTOS = YES_AGGRESSIVE;
				GCC_WARN_UNUSED_FUNCTION = YES;
				GCC_WARN_UNUSED_VARIABLE = YES;
				IPHONEOS_DEPLOYMENT_TARGET = 10.2;
				MTL_ENABLE_DEBUG_INFO = NO;
				SDKROOT = iphoneos;
				SWIFT_OPTIMIZATION_LEVEL = "-Owholemodule";
				VALIDATE_PRODUCT = YES;
			};
			name = Release;
		};
		429851E31E254144006B5EFF /* Debug */ = {
			isa = XCBuildConfiguration;
			buildSettings = {
				ASSETCATALOG_COMPILER_APPICON_NAME = AppIcon;
				INFOPLIST_FILE = CardBattle/Info.plist;
				LD_RUNPATH_SEARCH_PATHS = "$(inherited) @executable_path/Frameworks";
				PRODUCT_BUNDLE_IDENTIFIER = com.zhukov.CardBattle;
				PRODUCT_NAME = "$(TARGET_NAME)";
				SWIFT_VERSION = 3.0;
			};
			name = Debug;
		};
		429851E41E254144006B5EFF /* Release */ = {
			isa = XCBuildConfiguration;
			buildSettings = {
				ASSETCATALOG_COMPILER_APPICON_NAME = AppIcon;
				INFOPLIST_FILE = CardBattle/Info.plist;
				LD_RUNPATH_SEARCH_PATHS = "$(inherited) @executable_path/Frameworks";
				PRODUCT_BUNDLE_IDENTIFIER = com.zhukov.CardBattle;
				PRODUCT_NAME = "$(TARGET_NAME)";
				SWIFT_VERSION = 3.0;
			};
			name = Release;
		};
/* End XCBuildConfiguration section */

/* Begin XCConfigurationList section */
		429851CB1E254144006B5EFF /* Build configuration list for PBXProject "CardBattle" */ = {
			isa = XCConfigurationList;
			buildConfigurations = (
				429851E01E254144006B5EFF /* Debug */,
				429851E11E254144006B5EFF /* Release */,
			);
			defaultConfigurationIsVisible = 0;
			defaultConfigurationName = Release;
		};
		429851E21E254144006B5EFF /* Build configuration list for PBXNativeTarget "CardBattle" */ = {
			isa = XCConfigurationList;
			buildConfigurations = (
				429851E31E254144006B5EFF /* Debug */,
				429851E41E254144006B5EFF /* Release */,
			);
			defaultConfigurationIsVisible = 0;
			defaultConfigurationName = Release;
		};
/* End XCConfigurationList section */
	};
	rootObject = 429851C81E254144006B5EFF /* Project object */;
}
